
Microsoft Visual Studio Solution File, Format Version 12.00
# Visual Studio Version 17
VisualStudioVersion = 17.2.32616.157
MinimumVisualStudioVersion = 10.0.40219.1
Project("{2150E333-8FDC-42A3-9474-1A3956D46DE8}") = "Clase_01", "Clase_01", "{F857A65F-E0DA-4CF0-ADD7-EDCC5732EE37}"
EndProject
Project("{9A19103F-16F7-4668-BE54-9A1E7A4F7556}") = "Ejercicio_I01", "Ejercicio_I01\Ejercicio_I01.csproj", "{FAFFC4CD-C8DC-4B0D-89ED-CC5D6E511621}"
EndProject
Project("{9A19103F-16F7-4668-BE54-9A1E7A4F7556}") = "Ejercicio_I02", "Ejercicio_I02\Ejercicio_I02.csproj", "{9A57A94D-CABB-41FC-8AA4-F629C347DD48}"
EndProject
Project("{9A19103F-16F7-4668-BE54-9A1E7A4F7556}") = "Ejercicio_I03", "Ejercicio_I03\Ejercicio_I03.csproj", "{9D703744-3547-4751-B595-D556FD32C576}"
EndProject
Project("{9A19103F-16F7-4668-BE54-9A1E7A4F7556}") = "Ejercicio_I04", "Ejercicio_I04\Ejercicio_I04.csproj", "{5F1E48EE-CD44-4ADC-80F5-9C481C0091D5}"
EndProject
Project("{2150E333-8FDC-42A3-9474-1A3956D46DE8}") = "Clase_02", "Clase_02", "{8DFF01D2-B45F-4564-AFC8-364CD6E002F4}"
EndProject
Project("{2150E333-8FDC-42A3-9474-1A3956D46DE8}") = "Ejercicio_I01", "Ejercicio_I01", "{333C1E45-BEE6-42F0-9158-9F46A2DC7C60}"
EndProject
Project("{9A19103F-16F7-4668-BE54-9A1E7A4F7556}") = "POO_I01", "POO_I01\POO_I01.csproj", "{ADB66D53-4D1E-447C-A250-A92C817D0FB1}"
EndProject
Project("{9A19103F-16F7-4668-BE54-9A1E7A4F7556}") = "Biblioteca", "Biblioteca\Biblioteca.csproj", "{F74A88B9-C2A8-4CC1-A03B-15BD64B47192}"
EndProject
Project("{2150E333-8FDC-42A3-9474-1A3956D46DE8}") = "Ejercicio_I02", "Ejercicio_I02", "{0B397E45-B8BB-44DB-B98E-D4839E70F540}"
EndProject
Project("{9A19103F-16F7-4668-BE54-9A1E7A4F7556}") = "POO_I02", "POO_I02\POO_I02.csproj", "{BC65EADC-2BAB-4ED1-BF1E-92D87789BD96}"
EndProject
Project("{9A19103F-16F7-4668-BE54-9A1E7A4F7556}") = "Biblioteca_I02", "Biblioteca_I02\Biblioteca_I02.csproj", "{720D165C-5664-4740-953E-CFF8B710F715}"
EndProject
Project("{2150E333-8FDC-42A3-9474-1A3956D46DE8}") = "Ejercicio_I03", "Ejercicio_I03", "{771BB118-A98E-4131-8DCF-0DB115017377}"
EndProject
Project("{FAE04EC0-301F-11D3-BF4B-00C04F79EFBC}") = "POO_I03", "POO_I03\POO_I03.csproj", "{4F6F5E1C-F0C6-4502-81DB-0A057C8E18E0}"
EndProject
Project("{FAE04EC0-301F-11D3-BF4B-00C04F79EFBC}") = "Biblioteca_I03", "Biblioteca_I03\Biblioteca_I03.csproj", "{8D102244-E57D-424B-B4BB-92B35CA31F64}"
EndProject
Global
	GlobalSection(SolutionConfigurationPlatforms) = preSolution
		Debug|Any CPU = Debug|Any CPU
		Release|Any CPU = Release|Any CPU
	EndGlobalSection
	GlobalSection(ProjectConfigurationPlatforms) = postSolution
		{FAFFC4CD-C8DC-4B0D-89ED-CC5D6E511621}.Debug|Any CPU.ActiveCfg = Debug|Any CPU
		{FAFFC4CD-C8DC-4B0D-89ED-CC5D6E511621}.Debug|Any CPU.Build.0 = Debug|Any CPU
		{FAFFC4CD-C8DC-4B0D-89ED-CC5D6E511621}.Release|Any CPU.ActiveCfg = Release|Any CPU
		{FAFFC4CD-C8DC-4B0D-89ED-CC5D6E511621}.Release|Any CPU.Build.0 = Release|Any CPU
		{9A57A94D-CABB-41FC-8AA4-F629C347DD48}.Debug|Any CPU.ActiveCfg = Debug|Any CPU
		{9A57A94D-CABB-41FC-8AA4-F629C347DD48}.Debug|Any CPU.Build.0 = Debug|Any CPU
		{9A57A94D-CABB-41FC-8AA4-F629C347DD48}.Release|Any CPU.ActiveCfg = Release|Any CPU
		{9A57A94D-CABB-41FC-8AA4-F629C347DD48}.Release|Any CPU.Build.0 = Release|Any CPU
		{9D703744-3547-4751-B595-D556FD32C576}.Debug|Any CPU.ActiveCfg = Debug|Any CPU
		{9D703744-3547-4751-B595-D556FD32C576}.Debug|Any CPU.Build.0 = Debug|Any CPU
		{9D703744-3547-4751-B595-D556FD32C576}.Release|Any CPU.ActiveCfg = Release|Any CPU
		{9D703744-3547-4751-B595-D556FD32C576}.Release|Any CPU.Build.0 = Release|Any CPU
		{5F1E48EE-CD44-4ADC-80F5-9C481C0091D5}.Debug|Any CPU.ActiveCfg = Debug|Any CPU
		{5F1E48EE-CD44-4ADC-80F5-9C481C0091D5}.Debug|Any CPU.Build.0 = Debug|Any CPU
		{5F1E48EE-CD44-4ADC-80F5-9C481C0091D5}.Release|Any CPU.ActiveCfg = Release|Any CPU
		{5F1E48EE-CD44-4ADC-80F5-9C481C0091D5}.Release|Any CPU.Build.0 = Release|Any CPU
		{ADB66D53-4D1E-447C-A250-A92C817D0FB1}.Debug|Any CPU.ActiveCfg = Debug|Any CPU
		{ADB66D53-4D1E-447C-A250-A92C817D0FB1}.Debug|Any CPU.Build.0 = Debug|Any CPU
		{ADB66D53-4D1E-447C-A250-A92C817D0FB1}.Release|Any CPU.ActiveCfg = Release|Any CPU
		{ADB66D53-4D1E-447C-A250-A92C817D0FB1}.Release|Any CPU.Build.0 = Release|Any CPU
		{F74A88B9-C2A8-4CC1-A03B-15BD64B47192}.Debug|Any CPU.ActiveCfg = Debug|Any CPU
		{F74A88B9-C2A8-4CC1-A03B-15BD64B47192}.Debug|Any CPU.Build.0 = Debug|Any CPU
		{F74A88B9-C2A8-4CC1-A03B-15BD64B47192}.Release|Any CPU.ActiveCfg = Release|Any CPU
		{F74A88B9-C2A8-4CC1-A03B-15BD64B47192}.Release|Any CPU.Build.0 = Release|Any CPU
		{BC65EADC-2BAB-4ED1-BF1E-92D87789BD96}.Debug|Any CPU.ActiveCfg = Debug|Any CPU
		{BC65EADC-2BAB-4ED1-BF1E-92D87789BD96}.Debug|Any CPU.Build.0 = Debug|Any CPU
		{BC65EADC-2BAB-4ED1-BF1E-92D87789BD96}.Release|Any CPU.ActiveCfg = Release|Any CPU
		{BC65EADC-2BAB-4ED1-BF1E-92D87789BD96}.Release|Any CPU.Build.0 = Release|Any CPU
		{720D165C-5664-4740-953E-CFF8B710F715}.Debug|Any CPU.ActiveCfg = Debug|Any CPU
		{720D165C-5664-4740-953E-CFF8B710F715}.Debug|Any CPU.Build.0 = Debug|Any CPU
		{720D165C-5664-4740-953E-CFF8B710F715}.Release|Any CPU.ActiveCfg = Release|Any CPU
		{720D165C-5664-4740-953E-CFF8B710F715}.Release|Any CPU.Build.0 = Release|Any CPU
		{4F6F5E1C-F0C6-4502-81DB-0A057C8E18E0}.Debug|Any CPU.ActiveCfg = Debug|Any CPU
		{4F6F5E1C-F0C6-4502-81DB-0A057C8E18E0}.Debug|Any CPU.Build.0 = Debug|Any CPU
		{4F6F5E1C-F0C6-4502-81DB-0A057C8E18E0}.Release|Any CPU.ActiveCfg = Release|Any CPU
		{4F6F5E1C-F0C6-4502-81DB-0A057C8E18E0}.Release|Any CPU.Build.0 = Release|Any CPU
		{8D102244-E57D-424B-B4BB-92B35CA31F64}.Debug|Any CPU.ActiveCfg = Debug|Any CPU
		{8D102244-E57D-424B-B4BB-92B35CA31F64}.Debug|Any CPU.Build.0 = Debug|Any CPU
		{8D102244-E57D-424B-B4BB-92B35CA31F64}.Release|Any CPU.ActiveCfg = Release|Any CPU
		{8D102244-E57D-424B-B4BB-92B35CA31F64}.Release|Any CPU.Build.0 = Release|Any CPU
	EndGlobalSection
	GlobalSection(SolutionProperties) = preSolution
		HideSolutionNode = FALSE
	EndGlobalSection
	GlobalSection(NestedProjects) = preSolution
		{FAFFC4CD-C8DC-4B0D-89ED-CC5D6E511621} = {F857A65F-E0DA-4CF0-ADD7-EDCC5732EE37}
		{9A57A94D-CABB-41FC-8AA4-F629C347DD48} = {F857A65F-E0DA-4CF0-ADD7-EDCC5732EE37}
		{9D703744-3547-4751-B595-D556FD32C576} = {F857A65F-E0DA-4CF0-ADD7-EDCC5732EE37}
		{5F1E48EE-CD44-4ADC-80F5-9C481C0091D5} = {F857A65F-E0DA-4CF0-ADD7-EDCC5732EE37}
		{333C1E45-BEE6-42F0-9158-9F46A2DC7C60} = {8DFF01D2-B45F-4564-AFC8-364CD6E002F4}
		{ADB66D53-4D1E-447C-A250-A92C817D0FB1} = {333C1E45-BEE6-42F0-9158-9F46A2DC7C60}
		{F74A88B9-C2A8-4CC1-A03B-15BD64B47192} = {333C1E45-BEE6-42F0-9158-9F46A2DC7C60}
		{0B397E45-B8BB-44DB-B98E-D4839E70F540} = {8DFF01D2-B45F-4564-AFC8-364CD6E002F4}
		{BC65EADC-2BAB-4ED1-BF1E-92D87789BD96} = {0B397E45-B8BB-44DB-B98E-D4839E70F540}
		{720D165C-5664-4740-953E-CFF8B710F715} = {0B397E45-B8BB-44DB-B98E-D4839E70F540}
		{771BB118-A98E-4131-8DCF-0DB115017377} = {8DFF01D2-B45F-4564-AFC8-364CD6E002F4}
		{4F6F5E1C-F0C6-4502-81DB-0A057C8E18E0} = {771BB118-A98E-4131-8DCF-0DB115017377}
		{8D102244-E57D-424B-B4BB-92B35CA31F64} = {771BB118-A98E-4131-8DCF-0DB115017377}
	EndGlobalSection
	GlobalSection(ExtensibilityGlobals) = postSolution
		SolutionGuid = {90147EB7-77A6-4E0A-BFB3-A41ECC75985E}
	EndGlobalSection
EndGlobal
